
Microsoft Visual Studio Solution File, Format Version 12.00
# Visual Studio Version 16
VisualStudioVersion = 16.0.30804.86
MinimumVisualStudioVersion = 10.0.40219.1
Project("{FAE04EC0-301F-11D3-BF4B-00C04F79EFBC}") = "Weather", "Weather\Weather.csproj", "{7C61147E-1B22-4272-BB02-70F6E1B28EE6}"
EndProject
Global
	GlobalSection(SolutionConfigurationPlatforms) = preSolution
		Debug|Any CPU = Debug|Any CPU
		Release|Any CPU = Release|Any CPU
	EndGlobalSection
	GlobalSection(ProjectConfigurationPlatforms) = postSolution
		{7C61147E-1B22-4272-BB02-70F6E1B28EE6}.Debug|Any CPU.ActiveCfg = Debug|Any CPU
		{7C61147E-1B22-4272-BB02-70F6E1B28EE6}.Debug|Any CPU.Build.0 = Debug|Any CPU
		{7C61147E-1B22-4272-BB02-70F6E1B28EE6}.Release|Any CPU.ActiveCfg = Release|Any CPU
		{7C61147E-1B22-4272-BB02-70F6E1B28EE6}.Release|Any CPU.Build.0 = Release|Any CPU
	EndGlobalSection
	GlobalSection(SolutionProperties) = preSolution
		HideSolutionNode = FALSE
	EndGlobalSection
	GlobalSection(ExtensibilityGlobals) = postSolution
		SolutionGuid = {DADCA636-8BCA-4A92-890B-2D4FC5BE3FFD}
	EndGlobalSection
EndGlobal
